{
  "name": "ex09",
  "lockfileVersion": 3,
  "requires": true,
  "packages": {
    "": {
      "devDependencies": {
        "flow-bin": "^0.301.0"
      }
    },
    "node_modules/flow-bin": {
      "version": "0.301.0",
      "resolved": "https://registry.npmjs.org/flow-bin/-/flow-bin-0.301.0.tgz",
      "integrity": "sha512-fD0XeuPzcU1tUBnLPv1VSCdq8N80dDhcOPkZtb8QOXoIHEUHqL+R/7gEufQJQO9urQfHg51Ple3/FEb36C+xXg==",
      "dev": true,
      "license": "MIT",
      "bin": {
        "flow": "cli.js"
      },
      "engines": {
        "node": ">=0.10.0"
      }
    }
  }
}
